
Microsoft Visual Studio Solution File, Format Version 12.00
# Visual Studio Version 17
VisualStudioVersion = 17.14.36414.22 d17.14
MinimumVisualStudioVersion = 10.0.40219.1
Project("{FAE04EC0-301F-11D3-BF4B-00C04F79EFBC}") = "PlaySphere", "PlaySphere\PlaySphere.csproj", "{80DF679C-77FC-45AD-9F43-6D2FF400BF73}"
EndProject
Global
	GlobalSection(SolutionConfigurationPlatforms) = preSolution
		Debug|Any CPU = Debug|Any CPU
		Release|Any CPU = Release|Any CPU
	EndGlobalSection
	GlobalSection(ProjectConfigurationPlatforms) = postSolution
		{80DF679C-77FC-45AD-9F43-6D2FF400BF73}.Debug|Any CPU.ActiveCfg = Debug|Any CPU
		{80DF679C-77FC-45AD-9F43-6D2FF400BF73}.Debug|Any CPU.Build.0 = Debug|Any CPU
		{80DF679C-77FC-45AD-9F43-6D2FF400BF73}.Release|Any CPU.ActiveCfg = Release|Any CPU
		{80DF679C-77FC-45AD-9F43-6D2FF400BF73}.Release|Any CPU.Build.0 = Release|Any CPU
	EndGlobalSection
	GlobalSection(SolutionProperties) = preSolution
		HideSolutionNode = FALSE
	EndGlobalSection
	GlobalSection(ExtensibilityGlobals) = postSolution
		SolutionGuid = {AE4D8A4B-4725-4B1F-8E42-6F20D2BADC0F}
	EndGlobalSection
EndGlobal
